version = 1
revision = 1
requires-python = ">=3.13"

[[package]]
name = "certifi"
version = "2025.1.31"
source = { registry = "https://pypi.org/simple" }
sdist = { url = "https://files.pythonhosted.org/packages/1c/ab/c9f1e32b7b1bf505bf26f0ef697775960db7932abeb7b516de930ba2705f/certifi-2025.1.31.tar.gz", hash = "sha256:3d5da6925056f6f18f119200434a4780a94263f10d1c21d032a6f6b2baa20651", size = 167577 }
wheels = [
    { url = "https://files.pythonhosted.org/packages/38/fc/bce832fd4fd99766c04d1ee0eead6b0ec6486fb100ae5e74c1d91292b982/certifi-2025.1.31-py3-none-any.whl", hash = "sha256:ca78db4565a652026a4db2bcdf68f2fb589ea80d0be70e03929ed730746b84fe", size = 166393 },
]

[[package]]
name = "charset-normalizer"
version = "3.4.1"
source = { registry = "https://pypi.org/simple" }
sdist = { url = "https://files.pythonhosted.org/packages/16/b0/572805e227f01586461c80e0fd25d65a2115599cc9dad142fee4b747c357/charset_normalizer-3.4.1.tar.gz", hash = "sha256:44251f18cd68a75b56585dd00dae26183e102cd5e0f9f1466e6df5da2ed64ea3", size = 123188 }
wheels = [
    { url = "https://files.pythonhosted.org/packages/38/94/ce8e6f63d18049672c76d07d119304e1e2d7c6098f0841b51c666e9f44a0/charset_normalizer-3.4.1-cp313-cp313-macosx_10_13_universal2.whl", hash = "sha256:aabfa34badd18f1da5ec1bc2715cadc8dca465868a4e73a0173466b688f29dda", size = 195698 },
    { url = "https://files.pythonhosted.org/packages/24/2e/dfdd9770664aae179a96561cc6952ff08f9a8cd09a908f259a9dfa063568/charset_normalizer-3.4.1-cp313-cp313-manylinux_2_17_aarch64.manylinux2014_aarch64.whl", hash = "sha256:22e14b5d70560b8dd51ec22863f370d1e595ac3d024cb8ad7d308b4cd95f8313", size = 140162 },
    { url = "https://files.pythonhosted.org/packages/24/4e/f646b9093cff8fc86f2d60af2de4dc17c759de9d554f130b140ea4738ca6/charset_normalizer-3.4.1-cp313-cp313-manylinux_2_17_ppc64le.manylinux2014_ppc64le.whl", hash = "sha256:8436c508b408b82d87dc5f62496973a1805cd46727c34440b0d29d8a2f50a6c9", size = 150263 },
    { url = "https://files.pythonhosted.org/packages/5e/67/2937f8d548c3ef6e2f9aab0f6e21001056f692d43282b165e7c56023e6dd/charset_normalizer-3.4.1-cp313-cp313-manylinux_2_17_s390x.manylinux2014_s390x.whl", hash = "sha256:2d074908e1aecee37a7635990b2c6d504cd4766c7bc9fc86d63f9c09af3fa11b", size = 142966 },
    { url = "https://files.pythonhosted.org/packages/52/ed/b7f4f07de100bdb95c1756d3a4d17b90c1a3c53715c1a476f8738058e0fa/charset_normalizer-3.4.1-cp313-cp313-manylinux_2_17_x86_64.manylinux2014_x86_64.whl", hash = "sha256:955f8851919303c92343d2f66165294848d57e9bba6cf6e3625485a70a038d11", size = 144992 },
    { url = "https://files.pythonhosted.org/packages/96/2c/d49710a6dbcd3776265f4c923bb73ebe83933dfbaa841c5da850fe0fd20b/charset_normalizer-3.4.1-cp313-cp313-manylinux_2_5_i686.manylinux1_i686.manylinux_2_17_i686.manylinux2014_i686.whl", hash = "sha256:44ecbf16649486d4aebafeaa7ec4c9fed8b88101f4dd612dcaf65d5e815f837f", size = 147162 },
    { url = "https://files.pythonhosted.org/packages/b4/41/35ff1f9a6bd380303dea55e44c4933b4cc3c4850988927d4082ada230273/charset_normalizer-3.4.1-cp313-cp313-musllinux_1_2_aarch64.whl", hash = "sha256:0924e81d3d5e70f8126529951dac65c1010cdf117bb75eb02dd12339b57749dd", size = 140972 },
    { url = "https://files.pythonhosted.org/packages/fb/43/c6a0b685fe6910d08ba971f62cd9c3e862a85770395ba5d9cad4fede33ab/charset_normalizer-3.4.1-cp313-cp313-musllinux_1_2_i686.whl", hash = "sha256:2967f74ad52c3b98de4c3b32e1a44e32975e008a9cd2a8cc8966d6a5218c5cb2", size = 149095 },
    { url = "https://files.pythonhosted.org/packages/4c/ff/a9a504662452e2d2878512115638966e75633519ec11f25fca3d2049a94a/charset_normalizer-3.4.1-cp313-cp313-musllinux_1_2_ppc64le.whl", hash = "sha256:c75cb2a3e389853835e84a2d8fb2b81a10645b503eca9bcb98df6b5a43eb8886", size = 152668 },
    { url = "https://files.pythonhosted.org/packages/6c/71/189996b6d9a4b932564701628af5cee6716733e9165af1d5e1b285c530ed/charset_normalizer-3.4.1-cp313-cp313-musllinux_1_2_s390x.whl", hash = "sha256:09b26ae6b1abf0d27570633b2b078a2a20419c99d66fb2823173d73f188ce601", size = 150073 },
    { url = "https://files.pythonhosted.org/packages/e4/93/946a86ce20790e11312c87c75ba68d5f6ad2208cfb52b2d6a2c32840d922/charset_normalizer-3.4.1-cp313-cp313-musllinux_1_2_x86_64.whl", hash = "sha256:fa88b843d6e211393a37219e6a1c1df99d35e8fd90446f1118f4216e307e48cd", size = 145732 },
    { url = "https://files.pythonhosted.org/packages/cd/e5/131d2fb1b0dddafc37be4f3a2fa79aa4c037368be9423061dccadfd90091/charset_normalizer-3.4.1-cp313-cp313-win32.whl", hash = "sha256:eb8178fe3dba6450a3e024e95ac49ed3400e506fd4e9e5c32d30adda88cbd407", size = 95391 },
    { url = "https://files.pythonhosted.org/packages/27/f2/4f9a69cc7712b9b5ad8fdb87039fd89abba997ad5cbe690d1835d40405b0/charset_normalizer-3.4.1-cp313-cp313-win_amd64.whl", hash = "sha256:b1ac5992a838106edb89654e0aebfc24f5848ae2547d22c2c3f66454daa11971", size = 102702 },
    { url = "https://files.pythonhosted.org/packages/0e/f6/65ecc6878a89bb1c23a086ea335ad4bf21a588990c3f535a227b9eea9108/charset_normalizer-3.4.1-py3-none-any.whl", hash = "sha256:d98b1668f06378c6dbefec3b92299716b931cd4e6061f3c875a71ced1780ab85", size = 49767 },
]

[[package]]
name = "h11"
version = "0.14.0"
source = { registry = "https://pypi.org/simple" }
sdist = { url = "https://files.pythonhosted.org/packages/f5/38/3af3d3633a34a3316095b39c8e8fb4853a28a536e55d347bd8d8e9a14b03/h11-0.14.0.tar.gz", hash = "sha256:8f19fbbe99e72420ff35c00b27a34cb9937e902a8b810e2c88300c6f0a3b699d", size = 100418 }
wheels = [
    { url = "https://files.pythonhosted.org/packages/95/04/ff642e65ad6b90db43e668d70ffb6736436c7ce41fcc549f4e9472234127/h11-0.14.0-py3-none-any.whl", hash = "sha256:e3fe4ac4b851c468cc8363d500db52c2ead036020723024a109d37346efaa761", size = 58259 },
]

[[package]]
name = "jh2"
version = "5.0.9"
source = { registry = "https://pypi.org/simple" }
sdist = { url = "https://files.pythonhosted.org/packages/bb/5f/1515c8f1fd45ba808b8c7a2cb030644aaefe9bab10b0d8b646e683760c0d/jh2-5.0.9.tar.gz", hash = "sha256:bec06ebc7d37beba62503c955d90580cfa1e5fff2b44f05cebecf2378b7f54b1", size = 7301710 }
wheels = [
    { url = "https://files.pythonhosted.org/packages/14/83/17f4e5468e3eaf42e970b0f437bf4a5d0cd097ff91b7f235dba40dfa4e1f/jh2-5.0.9-cp313-cp313t-macosx_10_12_x86_64.macosx_11_0_arm64.macosx_10_12_universal2.whl", hash = "sha256:7d9d4d83fbf75362d0986ee4305ec85eb06ed124e299d38af5ed4eb20ed0cc74", size = 617414 },
    { url = "https://files.pythonhosted.org/packages/82/36/c492a23c75c68a00f13ba87b2c258dc8b4f98031389ae269665bd698119b/jh2-5.0.9-cp313-cp313t-manylinux_2_17_aarch64.manylinux2014_aarch64.whl", hash = "sha256:20b3d8eb3469c2c368cced0da918b4e8ff8e91f2a48810b8242dd8a8ff0de0da", size = 391650 },
    { url = "https://files.pythonhosted.org/packages/75/1e/3704e6e15a699821108236d2647764d4271dc4f7ce803a01a4cdc083d448/jh2-5.0.9-cp313-cp313t-manylinux_2_17_armv7l.manylinux2014_armv7l.whl", hash = "sha256:d6802287d937f2cdb7ff8ca47c7994d4f8c06b7f0b67f138b8a3152de3c624cf", size = 396829 },
    { url = "https://files.pythonhosted.org/packages/c6/02/469ee783849abaddcbe955f0b38db99574dbb7f3784fd5d1621ae2e657e0/jh2-5.0.9-cp313-cp313t-manylinux_2_17_ppc64.manylinux2014_ppc64.whl", hash = "sha256:4bed27b58c97ceb8dcdba6506ba266f39d67736ee5ab33ad19573d983b4969d3", size = 450602 },
    { url = "https://files.pythonhosted.org/packages/05/a2/7f16541d4d44343c1906497116daaf5040e4d8289d3231e6fddd2bfdc0e7/jh2-5.0.9-cp313-cp313t-manylinux_2_17_ppc64le.manylinux2014_ppc64le.whl", hash = "sha256:cb843586cac2e0663804777ca5efa5d7b565bcd824da9b2ee1e98cfbd7d8382a", size = 450521 },
    { url = "https://files.pythonhosted.org/packages/f5/31/07cbc79c4919fb0776a8f19beba9733105663e1888eb534da0778fada2ff/jh2-5.0.9-cp313-cp313t-manylinux_2_17_s390x.manylinux2014_s390x.whl", hash = "sha256:fec6c5019a22848d092fcfc63cccee76b64ec7b1c7d5495b0b524c17327917ff", size = 424341 },
    { url = "https://files.pythonhosted.org/packages/0d/7d/223f4a04f3d79b4fe33a9976281dc0dff8b0ba31b9034a9fc9480d13cb53/jh2-5.0.9-cp313-cp313t-manylinux_2_17_x86_64.manylinux2014_x86_64.whl", hash = "sha256:1a52ef916d076842ba1252fc9d0fe78ec0ea93d4b2985ae46b3b0f05e6b3348f", size = 388741 },
    { url = "https://files.pythonhosted.org/packages/8e/bb/008a052397f201c8bf4d49c1157f5beb8bbcc80a60fb1381761ac6007edf/jh2-5.0.9-cp313-cp313t-manylinux_2_5_i686.manylinux1_i686.whl", hash = "sha256:88db9078be359ccdea973c99ab88a0312012d40fe2878ff106dfe3fe918bf5b2", size = 410288 },
    { url = "https://files.pythonhosted.org/packages/60/a8/026a02fb8ae5fe685e153485929fd917b339bf0e6e9e141b67550e57038f/jh2-5.0.9-cp313-cp313t-musllinux_1_1_aarch64.whl", hash = "sha256:601f8a1ac81e2a4d830acd6d1d248b32e9e34a6d3dc0987f7b0af60c1427dc4b", size = 569456 },
    { url = "https://files.pythonhosted.org/packages/f7/0a/255cb458fb0f8db41f375a3bd6f31e22ffb4d1e22c70f46b9aaa204ff257/jh2-5.0.9-cp313-cp313t-musllinux_1_1_armv7l.whl", hash = "sha256:162396cc26bdab52818b9c2926fe75533b0dc6dfc0db90779807159eff896c22", size = 659178 },
    { url = "https://files.pythonhosted.org/packages/38/6a/c44a8b1eafc62daa31a1a1793347ae311994a08d1b3bcf7bb4c9e7c03ca4/jh2-5.0.9-cp313-cp313t-musllinux_1_1_i686.whl", hash = "sha256:b02dfe24a1c4b2169e182d12a0b52516809fb608252dc384d437b99ef4b84de0", size = 587370 },
    { url = "https://files.pythonhosted.org/packages/17/bc/f3d9244588503968fd104fd5b6f9a1d4edcff9e99df67affcbff551b4a4e/jh2-5.0.9-cp313-cp313t-musllinux_1_1_x86_64.whl", hash = "sha256:1e9ff345926c4ac650acea101463b4f8468f5069dda136366585ff7ce4aac38c", size = 559112 },
    { url = "https://files.pythonhosted.org/packages/43/0c/0e68f563b4f491a0201a4a400ac7ca8c59586c710e62360840c0f45d91fb/jh2-5.0.9-cp313-cp313t-win32.whl", hash = "sha256:2f2f8fba36fd9c9463cc55a27957735f46e9b4d3551d4bb7fd9539749d141647", size = 241297 },
    { url = "https://files.pythonhosted.org/packages/f2/d6/84dd60541111926462e2c4756dfd30d3feab1163d67a1ff81fddefa2bf0a/jh2-5.0.9-cp313-cp313t-win_amd64.whl", hash = "sha256:66ca52ffdfd19e16f2a05b3761a013337b2d937385be52ebbeec6906dc68b316", size = 247861 },
    { url = "https://files.pythonhosted.org/packages/21/95/69385524bafb1943124f8e7c7f252c5381a3a415831f24765c3da80c7ea0/jh2-5.0.9-cp313-cp313t-win_arm64.whl", hash = "sha256:5fb48c8cb7b24a1f4122de052a482bec46e58626cf3f1fd0ca0accbd9fd97d3c", size = 243278 },
    { url = "https://files.pythonhosted.org/packages/b0/29/3cab8b40420d10174b36afe6b2eb159f0331a28c93f597783c050c48f0e1/jh2-5.0.9-cp37-abi3-macosx_10_12_x86_64.macosx_11_0_arm64.macosx_10_12_universal2.whl", hash = "sha256:e852f812ea8323e269722653ba1bef6a9e5b9e496d5c8e52178b83d3ae435791", size = 635568 },
    { url = "https://files.pythonhosted.org/packages/ab/3a/6167db82d345700afc9b5b29e52a40f42659a61913975767ae4661d7a9e2/jh2-5.0.9-cp37-abi3-manylinux_2_17_aarch64.manylinux2014_aarch64.whl", hash = "sha256:e2fea0793376ab9aeb3258d1c192e0ceebd9b51a2f699379224d4f2ca473645d", size = 396638 },
    { url = "https://files.pythonhosted.org/packages/7c/2a/0db41fff0421e2355b560f0300353c462f7434d364d08c4ff01e7d8b3f4f/jh2-5.0.9-cp37-abi3-manylinux_2_17_armv7l.manylinux2014_armv7l.whl", hash = "sha256:6639f549083a17a902fa51116882962708f2e44180cebd0d311548383fbfa616", size = 400912 },
    { url = "https://files.pythonhosted.org/packages/6a/25/368c5a9beb5af55cde5feb45b3d74bb3a14063c9a0cc6e0f36180c055a63/jh2-5.0.9-cp37-abi3-manylinux_2_17_ppc64.manylinux2014_ppc64.whl", hash = "sha256:c725e40e881b8e35381a4d2667f4c3ad978929fb890c1822f8524e3d6846ad49", size = 455696 },
    { url = "https://files.pythonhosted.org/packages/a0/25/1b6acc4522a606d6ef164ca308632021337c99d8a4c88cdc118bc010ac71/jh2-5.0.9-cp37-abi3-manylinux_2_17_ppc64le.manylinux2014_ppc64le.whl", hash = "sha256:9c6cc4f3d4d237184030ffd3721a8f59fde97f5f1cdab1547d2bb0b093250427", size = 455026 },
    { url = "https://files.pythonhosted.org/packages/dc/fd/770ff3e0e410fa8de30bdaea0e1caacdd846557bf2ed58ad4d55a3ab89bc/jh2-5.0.9-cp37-abi3-manylinux_2_17_s390x.manylinux2014_s390x.whl", hash = "sha256:c90c141a4edd6ac99780b77abe7132d48d5e0fee7741ba2e217a53a503833441", size = 432199 },
    { url = "https://files.pythonhosted.org/packages/d8/5e/64e1658c62f2fc2d37448153c43041893199ed0a7c2ad4594986bc9ccf1c/jh2-5.0.9-cp37-abi3-manylinux_2_17_x86_64.manylinux2014_x86_64.whl", hash = "sha256:ba2de41d4946fb2ddde7af9b55b31fba0f8c6a26f15d7e281e59221337d6b37d", size = 393359 },
    { url = "https://files.pythonhosted.org/packages/1e/75/9d028f01f56dd53f0651af0853e87fe8a965eae0de0fbe2d204f6176983f/jh2-5.0.9-cp37-abi3-manylinux_2_5_i686.manylinux1_i686.whl", hash = "sha256:8aa82f946aebf69b38f0537fb51577284d0caa351ce096a0401ed27129ae9b3c", size = 414931 },
    { url = "https://files.pythonhosted.org/packages/76/25/369085f1357bf29fbc8bcdeb963eac60d1cc849b99d072f944b54ae09b1b/jh2-5.0.9-cp37-abi3-musllinux_1_1_aarch64.whl", hash = "sha256:7bb2e761ce3692e54a2c61b8e57f0abdd970a653114ca5c3a12acae4f167199d", size = 574322 },
    { url = "https://files.pythonhosted.org/packages/fa/4f/8479f888bdc0806849608aa3753c0065a180b219fbf8a9889759370e2910/jh2-5.0.9-cp37-abi3-musllinux_1_1_armv7l.whl", hash = "sha256:ad37a22911f1e87b53b236efd02dcf17c23dd7de87b0f079e971a14d33c0866c", size = 663467 },
    { url = "https://files.pythonhosted.org/packages/a9/25/efe1d55d84a60562421930b05c9a99bd915a1dd40981642bb76b5d2f88f8/jh2-5.0.9-cp37-abi3-musllinux_1_1_i686.whl", hash = "sha256:6d1d55d29fdb8721b6d590cd5167c2d78d94ee0020e3bd2887cefeae90b4f3b5", size = 592759 },
    { url = "https://files.pythonhosted.org/packages/23/8a/2fe5102229ee7d5804eb323a572e80b403dc17e164571c7a3f9e3740d35d/jh2-5.0.9-cp37-abi3-musllinux_1_1_x86_64.whl", hash = "sha256:db35002d92896783277c88d3aac6b9d33cdd65f2323dc786100a661723cf442f", size = 563840 },
    { url = "https://files.pythonhosted.org/packages/c0/e0/176cf8a0ba758c9aad638b93a86b88831dd3b764819f945518cdd0364d39/jh2-5.0.9-cp37-abi3-win32.whl", hash = "sha256:e7bb595e9d9eeeef45d630766fd3d8c926a25b907631fc0f36411f5f576bb960", size = 245440 },
    { url = "https://files.pythonhosted.org/packages/d9/6e/4df262a45b56d2c7bd983cf2d3a15ac87ea1397b9530101398af05e0d4ae/jh2-5.0.9-cp37-abi3-win_amd64.whl", hash = "sha256:40276a7aec8f1c3e8f9363d58ce8e6272e8c8bb6253cb9a602aa8023e359c977", size = 251909 },
    { url = "https://files.pythonhosted.org/packages/e2/79/8fe8b6d39cba47513494fbb300ab7203ffa95316ae431cf78e09106d8aec/jh2-5.0.9-cp37-abi3-win_arm64.whl", hash = "sha256:ce5707b2876e421080fdfb9d89752a1d111f57d8f3cddba57c24d93f17aa2074", size = 246938 },
    { url = "https://files.pythonhosted.org/packages/93/6e/2007658c9d6456d4505657c1249782a2c5412443f94ecc79a3cc392d3252/jh2-5.0.9-py3-none-any.whl", hash = "sha256:a54d437f3bd120f0d2971ea990e665d3487e252f2453618fd98196404a04f90b", size = 98081 },
]

[[package]]
name = "niquests"
version = "3.14.0"
source = { registry = "https://pypi.org/simple" }
dependencies = [
    { name = "charset-normalizer" },
    { name = "urllib3-future" },
    { name = "wassima" },
]
sdist = { url = "https://files.pythonhosted.org/packages/ce/91/5393b8a282f84a67a0d6a5b388304d2fc1b735776b001a08b078ac9ab1ca/niquests-3.14.0.tar.gz", hash = "sha256:86e484c2c60444aa96069c15f6295af6e25a8bad50781e1326df1b5c7ab48339", size = 971901 }
wheels = [
    { url = "https://files.pythonhosted.org/packages/58/f8/cfce8c89eb33a922e80defbe00b94809863cadc49c4c446863409520ca94/niquests-3.14.0-py3-none-any.whl", hash = "sha256:68e0a7e9f338466b3606945fffd11f75e3c90af7498aa9336ef03812323b7e36", size = 164876 },
]

[[package]]
name = "orjson"
version = "3.10.16"
source = { registry = "https://pypi.org/simple" }
sdist = { url = "https://files.pythonhosted.org/packages/98/c7/03913cc4332174071950acf5b0735463e3f63760c80585ef369270c2b372/orjson-3.10.16.tar.gz", hash = "sha256:d2aaa5c495e11d17b9b93205f5fa196737ee3202f000aaebf028dc9a73750f10", size = 5410415 }
wheels = [
    { url = "https://files.pythonhosted.org/packages/87/b9/ff6aa28b8c86af9526160905593a2fe8d004ac7a5e592ee0b0ff71017511/orjson-3.10.16-cp313-cp313-macosx_10_15_x86_64.macosx_11_0_arm64.macosx_10_15_universal2.whl", hash = "sha256:148a97f7de811ba14bc6dbc4a433e0341ffd2cc285065199fb5f6a98013744bd", size = 249289 },
    { url = "https://files.pythonhosted.org/packages/6c/81/6d92a586149b52684ab8fd70f3623c91d0e6a692f30fd8c728916ab2263c/orjson-3.10.16-cp313-cp313-macosx_15_0_arm64.whl", hash = "sha256:1d960c1bf0e734ea36d0adc880076de3846aaec45ffad29b78c7f1b7962516b8", size = 133640 },
    { url = "https://files.pythonhosted.org/packages/c2/88/b72443f4793d2e16039ab85d0026677932b15ab968595fb7149750d74134/orjson-3.10.16-cp313-cp313-manylinux_2_17_aarch64.manylinux2014_aarch64.whl", hash = "sha256:a318cd184d1269f68634464b12871386808dc8b7c27de8565234d25975a7a137", size = 138286 },
    { url = "https://files.pythonhosted.org/packages/c3/3c/72a22d4b28c076c4016d5a52bd644a8e4d849d3bb0373d9e377f9e3b2250/orjson-3.10.16-cp313-cp313-manylinux_2_17_armv7l.manylinux2014_armv7l.whl", hash = "sha256:df23f8df3ef9223d1d6748bea63fca55aae7da30a875700809c500a05975522b", size = 132307 },
    { url = "https://files.pythonhosted.org/packages/8a/a2/f1259561bdb6ad7061ff1b95dab082fe32758c4bc143ba8d3d70831f0a06/orjson-3.10.16-cp313-cp313-manylinux_2_17_i686.manylinux2014_i686.whl", hash = "sha256:b94dda8dd6d1378f1037d7f3f6b21db769ef911c4567cbaa962bb6dc5021cf90", size = 136739 },
    { url = "https://files.pythonhosted.org/packages/3d/af/c7583c4b34f33d8b8b90cfaab010ff18dd64e7074cc1e117a5f1eff20dcf/orjson-3.10.16-cp313-cp313-manylinux_2_17_ppc64le.manylinux2014_ppc64le.whl", hash = "sha256:f12970a26666a8775346003fd94347d03ccb98ab8aa063036818381acf5f523e", size = 138076 },
    { url = "https://files.pythonhosted.org/packages/d7/59/d7fc7fbdd3d4a64c2eae4fc7341a5aa39cf9549bd5e2d7f6d3c07f8b715b/orjson-3.10.16-cp313-cp313-manylinux_2_17_s390x.manylinux2014_s390x.whl", hash = "sha256:15a1431a245d856bd56e4d29ea0023eb4d2c8f71efe914beb3dee8ab3f0cd7fb", size = 142643 },
    { url = "https://files.pythonhosted.org/packages/92/0e/3bd8f2197d27601f16b4464ae948826da2bcf128af31230a9dbbad7ceb57/orjson-3.10.16-cp313-cp313-manylinux_2_17_x86_64.manylinux2014_x86_64.whl", hash = "sha256:c83655cfc247f399a222567d146524674a7b217af7ef8289c0ff53cfe8db09f0", size = 133168 },
    { url = "https://files.pythonhosted.org/packages/af/a8/351fd87b664b02f899f9144d2c3dc848b33ac04a5df05234cbfb9e2a7540/orjson-3.10.16-cp313-cp313-musllinux_1_2_aarch64.whl", hash = "sha256:fa59ae64cb6ddde8f09bdbf7baf933c4cd05734ad84dcf4e43b887eb24e37652", size = 135271 },
    { url = "https://files.pythonhosted.org/packages/ba/b0/a6d42a7d412d867c60c0337d95123517dd5a9370deea705ea1be0f89389e/orjson-3.10.16-cp313-cp313-musllinux_1_2_armv7l.whl", hash = "sha256:ca5426e5aacc2e9507d341bc169d8af9c3cbe88f4cd4c1cf2f87e8564730eb56", size = 412444 },
    { url = "https://files.pythonhosted.org/packages/79/ec/7572cd4e20863f60996f3f10bc0a6da64a6fd9c35954189a914cec0b7377/orjson-3.10.16-cp313-cp313-musllinux_1_2_i686.whl", hash = "sha256:6fd5da4edf98a400946cd3a195680de56f1e7575109b9acb9493331047157430", size = 152737 },
    { url = "https://files.pythonhosted.org/packages/a9/19/ceb9e8fed5403b2e76a8ac15f581b9d25780a3be3c9b3aa54b7777a210d5/orjson-3.10.16-cp313-cp313-musllinux_1_2_x86_64.whl", hash = "sha256:980ecc7a53e567169282a5e0ff078393bac78320d44238da4e246d71a4e0e8f5", size = 137482 },
    { url = "https://files.pythonhosted.org/packages/1b/78/a78bb810f3786579dbbbd94768284cbe8f2fd65167cd7020260679665c17/orjson-3.10.16-cp313-cp313-win32.whl", hash = "sha256:28f79944dd006ac540a6465ebd5f8f45dfdf0948ff998eac7a908275b4c1add6", size = 141714 },
    { url = "https://files.pythonhosted.org/packages/81/9c/b66ce9245ff319df2c3278acd351a3f6145ef34b4a2d7f4b0f739368370f/orjson-3.10.16-cp313-cp313-win_amd64.whl", hash = "sha256:fe0a145e96d51971407cb8ba947e63ead2aa915db59d6631a355f5f2150b56b7", size = 133954 },
]

[[package]]
name = "qh3"
version = "1.5.0"
source = { registry = "https://pypi.org/simple" }
sdist = { url = "https://files.pythonhosted.org/packages/e4/5f/224facdec0fe4df400ea651ccff5a797af5b5872ca9aa9be6a8f9b070b20/qh3-1.5.0.tar.gz", hash = "sha256:3d2e1616023286373ab40a276cbf0b8960e6bda640bca0569495dad57775f6b8", size = 201565 }
wheels = [
    { url = "https://files.pythonhosted.org/packages/14/0e/c716838d5c7468a84ccd78e37eebe5c8e24ead7c33750a612bfbf17a5dc0/qh3-1.5.0-cp313-cp313t-macosx_10_12_x86_64.macosx_11_0_arm64.macosx_10_12_universal2.whl", hash = "sha256:a203cba952c543cb60f724bdd7586c4b227fdd80106c0d1c4f10d23ff5c26734", size = 4334653 },
    { url = "https://files.pythonhosted.org/packages/f7/b2/013ab21afabd0606fa5b7a8cfc6e099e97fe873e07b4e8c109f74581e397/qh3-1.5.0-cp313-cp313t-manylinux_2_17_aarch64.manylinux2014_aarch64.whl", hash = "sha256:04b623515ca81ea35ef189a44ead592688974f0f436447ba9a213526182e7393", size = 2114198 },
    { url = "https://files.pythonhosted.org/packages/dc/e4/77106f2f71987267e68e115f7901a0c2767687eb3e66a2444ff0571edd9c/qh3-1.5.0-cp313-cp313t-manylinux_2_17_armv7l.manylinux2014_armv7l.whl", hash = "sha256:e34ab2574783e9598e1ac36c20ee000f9f12e50fc37f9b78e3578842d5b4b426", size = 1837107 },
    { url = "https://files.pythonhosted.org/packages/99/94/7f980b3f797ff42368b96fec09a1b2bb3497487aeb8a318e41359a7b3f9b/qh3-1.5.0-cp313-cp313t-manylinux_2_17_i686.manylinux2014_i686.whl", hash = "sha256:9e8614055b4d36cc404890db8799ad25dffdff1721140f0ec7e210aa8b2aa829", size = 1968725 },
    { url = "https://files.pythonhosted.org/packages/32/0d/1757b779f85ae6e17ec19561bf7767805b91fb73970b9f0808d9f8c0c87d/qh3-1.5.0-cp313-cp313t-manylinux_2_17_ppc64.manylinux2014_ppc64.whl", hash = "sha256:5984dbbbb28ed69d3550f303b7f156a3790b1edc69b6f91a8604cbde8d0af5fe", size = 1966482 },
    { url = "https://files.pythonhosted.org/packages/ac/82/d24b7dbe537b194a3e19ec86e6b0c40fc5760f414482d687491ddd0f9464/qh3-1.5.0-cp313-cp313t-manylinux_2_17_ppc64le.manylinux2014_ppc64le.whl", hash = "sha256:5a779ed5b2d442251e5aa4f35f43ad0b5c358e0c3fde9b09ce4e7f419fb5a9a0", size = 2009256 },
    { url = "https://files.pythonhosted.org/packages/f3/94/891c162c06bf5d6380f5f22e43f95cbf32e0bbd8ea29efd1b54e02898c5b/qh3-1.5.0-cp313-cp313t-manylinux_2_17_s390x.manylinux2014_s390x.whl", hash = "sha256:e732195d530e100ae6fe9adda6cf6def15a819a147b4b27c4a4dd35292bd3f4b", size = 2149007 },
    { url = "https://files.pythonhosted.org/packages/f5/c9/d938dfcd5b99c09d793946c72dca5852eb7ba8547b6a3da3ddfd5f13f1bc/qh3-1.5.0-cp313-cp313t-manylinux_2_17_x86_64.manylinux2014_x86_64.whl", hash = "sha256:383ab7b799f3595e11e3ce72b2ebb3674453027cdbea2d839881deac3b8beda4", size = 2297044 },
    { url = "https://files.pythonhosted.org/packages/de/ca/b9bee34bf0360f6d46e679c423036606932b9a975c216140a317ab70f3d1/qh3-1.5.0-cp313-cp313t-musllinux_1_1_aarch64.whl", hash = "sha256:fda4c4bb095d2aa86cf47ecf0ac8bc17c89e35b792c0b887c0c239e15ac4f292", size = 2300956 },
    { url = "https://files.pythonhosted.org/packages/4c/8b/e8a2a9e793379c96dde8e5b0a90a36f3fd37b8a383fe554d7c4651326400/qh3-1.5.0-cp313-cp313t-musllinux_1_1_armv7l.whl", hash = "sha256:26d7a6830c5b41f2b8ca17c99271036e097eca6e046a44d6f6bfde61496789d1", size = 2095775 },
    { url = "https://files.pythonhosted.org/packages/05/44/e6fd1fe30ba161909053691fb88531666d87d996dde32bc778deacfaa772/qh3-1.5.0-cp313-cp313t-musllinux_1_1_i686.whl", hash = "sha256:1f586227ac018027ec8fd564a4c677a167310b9fdb71860f10831cfc65aaf7f3", size = 2113596 },
    { url = "https://files.pythonhosted.org/packages/96/ba/4e6e2b781cfc783b19725e6bfb8d05b1a4ac1f74ebf7603c20c0fd5dca57/qh3-1.5.0-cp313-cp313t-musllinux_1_1_x86_64.whl", hash = "sha256:07229e80dcd2781bdc5d030a7f2e44c8f60bebfa4c797130755aadbd7ab22b6e", size = 2469199 },
    { url = "https://files.pythonhosted.org/packages/b3/42/ffb10b20fc4e98b88cddd2e3280dc152d4ad5d7b988805f50b507e5a948e/qh3-1.5.0-cp313-cp313t-win32.whl", hash = "sha256:3ab729a51e8820da78589b53f77c143698460d096600c76021682cc4bd66a546", size = 1712041 },
    { url = "https://files.pythonhosted.org/packages/cc/a0/9eb5cd7b5069e56b4a1d7cda40c30e7b6147e53f99af0a2b5538edbc21fc/qh3-1.5.0-cp313-cp313t-win_amd64.whl", hash = "sha256:fde136e32824508593beac1ff261a84304ae9146e372cd6c5169bd0e0456d0f3", size = 1953127 },
    { url = "https://files.pythonhosted.org/packages/f0/52/953159fc76a60b3125945914e3f3c1e0ee5589b7b3753621c1f6964cd5dd/qh3-1.5.0-cp313-cp313t-win_arm64.whl", hash = "sha256:c4586391fa52c0309fc645fcc192cab1e71fba5c2f099bcdadc9c640c26daf5a", size = 1766193 },
    { url = "https://files.pythonhosted.org/packages/66/0f/a7cbe8694e5135ad81f6c1b2954b96fdb8ed16247543d25dafa961eecd65/qh3-1.5.0-cp37-abi3-macosx_10_12_x86_64.macosx_11_0_arm64.macosx_10_12_universal2.whl", hash = "sha256:8627dc2b5bc8a35d963d63bb871c1d9f38adf513ccc0ebd79d615ffde69600c7", size = 4344404 },
    { url = "https://files.pythonhosted.org/packages/5a/0b/426baab1aa906ddaaf84fc5845693384e036df2a2239b859d9e69b416bb5/qh3-1.5.0-cp37-abi3-manylinux_2_17_aarch64.manylinux2014_aarch64.whl", hash = "sha256:294cd30de9b854dd114b3d0df04b1767f652ff092175b23c1d244b60fff9956a", size = 2116832 },
    { url = "https://files.pythonhosted.org/packages/e6/99/769fa43b05967dcfab2c20e9b736e03c0044e8dd35a1407767418d275db1/qh3-1.5.0-cp37-abi3-manylinux_2_17_armv7l.manylinux2014_armv7l.whl", hash = "sha256:34b6236175b679807ebc2240674e04eb13bc80ca4fb85f592021b56bee3b76b7", size = 1837244 },
    { url = "https://files.pythonhosted.org/packages/cb/8b/e848e20dd16fd18ab4aa9674f6a81234c0d903fc8854ff4d0b54cefb01f3/qh3-1.5.0-cp37-abi3-manylinux_2_17_i686.manylinux2014_i686.whl", hash = "sha256:4cddf2911d4ce4ce0ba5b02da014579b1acbd08184b5605d01ae1aebef987bd5", size = 1970279 },
    { url = "https://files.pythonhosted.org/packages/87/8e/adbcaca85348df12d3603120793bee683a5b5fac0fde0e74c86e78ca86cf/qh3-1.5.0-cp37-abi3-manylinux_2_17_ppc64.manylinux2014_ppc64.whl", hash = "sha256:094775f8c79f51401f628d96fb043d82ff9c41f8e84c743e137b1347d19cd049", size = 1971793 },
    { url = "https://files.pythonhosted.org/packages/66/f9/2cc6faa4752968e0032a5593b30e0a5e4f6e5d65760a9093570c446dd5c9/qh3-1.5.0-cp37-abi3-manylinux_2_17_ppc64le.manylinux2014_ppc64le.whl", hash = "sha256:79a4d21790358449977771fba6d3a944086051276abcb00cb03e13eda9843bfc", size = 2010085 },
    { url = "https://files.pythonhosted.org/packages/74/e6/98a8bfa6005429e9bee3f42f1b5938c84301b647d49a9b816d934565e6d5/qh3-1.5.0-cp37-abi3-manylinux_2_17_s390x.manylinux2014_s390x.whl", hash = "sha256:173f6f44811cdae1aca751236958a0f5365ac82708cfbcb76bc625f88aba66ce", size = 2157020 },
    { url = "https://files.pythonhosted.org/packages/14/2c/b9b6b97b4a447c11a1777adafe2dd25a9bfcd12ecc06dd385e79383713e0/qh3-1.5.0-cp37-abi3-manylinux_2_17_x86_64.manylinux2014_x86_64.whl", hash = "sha256:55892618388a01e6caef332e56be3f92ffa5d2ab84ab7e584ec52bb466a3e833", size = 2300106 },
    { url = "https://files.pythonhosted.org/packages/5f/df/76a82b6139d3f01f27aef57e464e8e88c4f083a6986faf1aaae7a50602b3/qh3-1.5.0-cp37-abi3-musllinux_1_1_aarch64.whl", hash = "sha256:1d473e00a41a91eaeb3ce382e988707b9a53976dbc8dc7b7d4e0ae2c3ff69b7c", size = 2310396 },
    { url = "https://files.pythonhosted.org/packages/07/df/ad6879d75c4c5c2011c7e6999b1ba90b351e33fbc7b23e9d678cc8a2392b/qh3-1.5.0-cp37-abi3-musllinux_1_1_armv7l.whl", hash = "sha256:ea2eab83ffe186cb248d60a2fe075880afd53a39a0e9f7573f3cf0c3c14804c1", size = 2095326 },
    { url = "https://files.pythonhosted.org/packages/bd/36/e8042b6f37cf8869f645082bd2171b55e85131affc9239576495f350031d/qh3-1.5.0-cp37-abi3-musllinux_1_1_i686.whl", hash = "sha256:e074c65c91392139fa50a6a34159877008325072aa28c38dea8439f0933ff2e8", size = 2116505 },
    { url = "https://files.pythonhosted.org/packages/48/c5/5bf158561620605cf8816f7a70a0cfcbcb4d8383e904cd173011af4470c2/qh3-1.5.0-cp37-abi3-musllinux_1_1_x86_64.whl", hash = "sha256:d630caaf858ee8487884ac82dcc6657945955676d4598247495b51e82c08f882", size = 2472670 },
    { url = "https://files.pythonhosted.org/packages/96/45/14eedd143c86b91f12eb403ee96ae03a9cb75d104b111db25852bd52be7e/qh3-1.5.0-cp37-abi3-win32.whl", hash = "sha256:69f898f99b62af109bab9f62461f218e46baec0acf1fcf17388b7cc270144de7", size = 1711285 },
    { url = "https://files.pythonhosted.org/packages/ae/3c/0c80919d8453c2000203298c9ddfad3d65c87120fb4d0864f7991d75c7d2/qh3-1.5.0-cp37-abi3-win_amd64.whl", hash = "sha256:476861b38fb3476d587c8760d86892183c905ea02c3d72d2947165f781339400", size = 1953289 },
]

[[package]]
name = "unofficial-nist-nvd-mirror"
version = "0.1.0"
source = { virtual = "." }
dependencies = [
    { name = "niquests" },
    { name = "orjson" },
]

[package.metadata]
requires-dist = [
    { name = "niquests", specifier = ">=3.14.0" },
    { name = "orjson", specifier = ">=3.10.16" },
]

[[package]]
name = "urllib3-future"
version = "2.12.918"
source = { registry = "https://pypi.org/simple" }
dependencies = [
    { name = "h11" },
    { name = "jh2" },
    { name = "qh3", marker = "(platform_machine == 'AMD64' and platform_python_implementation == 'CPython' and sys_platform == 'darwin') or (platform_machine == 'ARM64' and platform_python_implementation == 'CPython' and sys_platform == 'darwin') or (platform_machine == 'aarch64' and platform_python_implementation == 'CPython' and sys_platform == 'darwin') or (platform_machine == 'arm64' and platform_python_implementation == 'CPython' and sys_platform == 'darwin') or (platform_machine == 'armv7l' and platform_python_implementation == 'CPython' and sys_platform == 'darwin') or (platform_machine == 'i686' and platform_python_implementation == 'CPython' and sys_platform == 'darwin') or (platform_machine == 'ppc64' and platform_python_implementation == 'CPython' and sys_platform == 'darwin') or (platform_machine == 'ppc64le' and platform_python_implementation == 'CPython' and sys_platform == 'darwin') or (platform_machine == 's390x' and platform_python_implementation == 'CPython' and sys_platform == 'darwin') or (platform_machine == 'x86' and platform_python_implementation == 'CPython' and sys_platform == 'darwin') or (platform_machine == 'x86_64' and platform_python_implementation == 'CPython' and sys_platform == 'darwin') or (platform_machine == 'AMD64' and platform_python_implementation == 'CPython' and sys_platform == 'linux') or (platform_machine == 'ARM64' and platform_python_implementation == 'CPython' and sys_platform == 'linux') or (platform_machine == 'aarch64' and platform_python_implementation == 'CPython' and sys_platform == 'linux') or (platform_machine == 'arm64' and platform_python_implementation == 'CPython' and sys_platform == 'linux') or (platform_machine == 'armv7l' and platform_python_implementation == 'CPython' and sys_platform == 'linux') or (platform_machine == 'i686' and platform_python_implementation == 'CPython' and sys_platform == 'linux') or (platform_machine == 'ppc64' and platform_python_implementation == 'CPython' and sys_platform == 'linux') or (platform_machine == 'ppc64le' and platform_python_implementation == 'CPython' and sys_platform == 'linux') or (platform_machine == 's390x' and platform_python_implementation == 'CPython' and sys_platform == 'linux') or (platform_machine == 'x86' and platform_python_implementation == 'CPython' and sys_platform == 'linux') or (platform_machine == 'x86_64' and platform_python_implementation == 'CPython' and sys_platform == 'linux') or (platform_machine == 'AMD64' and platform_python_implementation == 'CPython' and sys_platform == 'win32') or (platform_machine == 'ARM64' and platform_python_implementation == 'CPython' and sys_platform == 'win32') or (platform_machine == 'aarch64' and platform_python_implementation == 'CPython' and sys_platform == 'win32') or (platform_machine == 'arm64' and platform_python_implementation == 'CPython' and sys_platform == 'win32') or (platform_machine == 'armv7l' and platform_python_implementation == 'CPython' and sys_platform == 'win32') or (platform_machine == 'i686' and platform_python_implementation == 'CPython' and sys_platform == 'win32') or (platform_machine == 'ppc64' and platform_python_implementation == 'CPython' and sys_platform == 'win32') or (platform_machine == 'ppc64le' and platform_python_implementation == 'CPython' and sys_platform == 'win32') or (platform_machine == 's390x' and platform_python_implementation == 'CPython' and sys_platform == 'win32') or (platform_machine == 'x86' and platform_python_implementation == 'CPython' and sys_platform == 'win32') or (platform_machine == 'x86_64' and platform_python_implementation == 'CPython' and sys_platform == 'win32')" },
]
sdist = { url = "https://files.pythonhosted.org/packages/cd/a3/d2c58edcda76f3c97781b811754d9f822a4aba5501189bad7664f9ff7bf2/urllib3_future-2.12.918.tar.gz", hash = "sha256:620d1ae49f635b847c89c64af29404d8b3beb26f7e77eb2d836af8bdd6008143", size = 1069394 }
wheels = [
    { url = "https://files.pythonhosted.org/packages/8b/42/3bc39806226943ce57c0463d737639c02447b6e0dfe7c0d963564caecd52/urllib3_future-2.12.918-py3-none-any.whl", hash = "sha256:997f7b27ab67b4cd9a0403ebeb6860edf7297fa6316553c5916d6a5dddf68859", size = 653338 },
]

[[package]]
name = "wassima"
version = "1.2.2"
source = { registry = "https://pypi.org/simple" }
dependencies = [
    { name = "certifi", marker = "(platform_machine != 'AMD64' and platform_machine != 'ARM64' and platform_machine != 'aarch64' and platform_machine != 'arm64' and platform_machine != 'armv7l' and platform_machine != 'i686' and platform_machine != 'ppc64' and platform_machine != 'ppc64le' and platform_machine != 's390x' and platform_machine != 'x86' and platform_machine != 'x86_64' and sys_platform == 'darwin') or (platform_machine != 'AMD64' and platform_machine != 'ARM64' and platform_machine != 'aarch64' and platform_machine != 'arm64' and platform_machine != 'armv7l' and platform_machine != 'i686' and platform_machine != 'ppc64' and platform_machine != 'ppc64le' and platform_machine != 's390x' and platform_machine != 'x86' and platform_machine != 'x86_64' and sys_platform == 'linux') or (platform_machine != 'AMD64' and platform_machine != 'ARM64' and platform_machine != 'aarch64' and platform_machine != 'arm64' and platform_machine != 'armv7l' and platform_machine != 'i686' and platform_machine != 'ppc64' and platform_machine != 'ppc64le' and platform_machine != 's390x' and platform_machine != 'x86' and platform_machine != 'x86_64' and sys_platform == 'win32') or (platform_machine == 'AMD64' and platform_python_implementation != 'CPython' and sys_platform == 'darwin') or (platform_machine == 'ARM64' and platform_python_implementation != 'CPython' and sys_platform == 'darwin') or (platform_machine == 'aarch64' and platform_python_implementation != 'CPython' and sys_platform == 'darwin') or (platform_machine == 'arm64' and platform_python_implementation != 'CPython' and sys_platform == 'darwin') or (platform_machine == 'armv7l' and platform_python_implementation != 'CPython' and sys_platform == 'darwin') or (platform_machine == 'i686' and platform_python_implementation != 'CPython' and sys_platform == 'darwin') or (platform_machine == 'ppc64' and platform_python_implementation != 'CPython' and sys_platform == 'darwin') or (platform_machine == 'ppc64le' and platform_python_implementation != 'CPython' and sys_platform == 'darwin') or (platform_machine == 's390x' and platform_python_implementation != 'CPython' and sys_platform == 'darwin') or (platform_machine == 'x86' and platform_python_implementation != 'CPython' and sys_platform == 'darwin') or (platform_machine == 'x86_64' and platform_python_implementation != 'CPython' and sys_platform == 'darwin') or (platform_machine == 'AMD64' and platform_python_implementation != 'CPython' and sys_platform == 'linux') or (platform_machine == 'ARM64' and platform_python_implementation != 'CPython' and sys_platform == 'linux') or (platform_machine == 'aarch64' and platform_python_implementation != 'CPython' and sys_platform == 'linux') or (platform_machine == 'arm64' and platform_python_implementation != 'CPython' and sys_platform == 'linux') or (platform_machine == 'armv7l' and platform_python_implementation != 'CPython' and sys_platform == 'linux') or (platform_machine == 'i686' and platform_python_implementation != 'CPython' and sys_platform == 'linux') or (platform_machine == 'ppc64' and platform_python_implementation != 'CPython' and sys_platform == 'linux') or (platform_machine == 'ppc64le' and platform_python_implementation != 'CPython' and sys_platform == 'linux') or (platform_machine == 's390x' and platform_python_implementation != 'CPython' and sys_platform == 'linux') or (platform_machine == 'x86' and platform_python_implementation != 'CPython' and sys_platform == 'linux') or (platform_machine == 'x86_64' and platform_python_implementation != 'CPython' and sys_platform == 'linux') or (platform_machine == 'AMD64' and platform_python_implementation != 'CPython' and sys_platform == 'win32') or (platform_machine == 'ARM64' and platform_python_implementation != 'CPython' and sys_platform == 'win32') or (platform_machine == 'aarch64' and platform_python_implementation != 'CPython' and sys_platform == 'win32') or (platform_machine == 'arm64' and platform_python_implementation != 'CPython' and sys_platform == 'win32') or (platform_machine == 'armv7l' and platform_python_implementation != 'CPython' and sys_platform == 'win32') or (platform_machine == 'i686' and platform_python_implementation != 'CPython' and sys_platform == 'win32') or (platform_machine == 'ppc64' and platform_python_implementation != 'CPython' and sys_platform == 'win32') or (platform_machine == 'ppc64le' and platform_python_implementation != 'CPython' and sys_platform == 'win32') or (platform_machine == 's390x' and platform_python_implementation != 'CPython' and sys_platform == 'win32') or (platform_machine == 'x86' and platform_python_implementation != 'CPython' and sys_platform == 'win32') or (platform_machine == 'x86_64' and platform_python_implementation != 'CPython' and sys_platform == 'win32') or (sys_platform != 'darwin' and sys_platform != 'linux' and sys_platform != 'win32')" },
]
sdist = { url = "https://files.pythonhosted.org/packages/7d/aa/df0023f78cd1120c116b5c9bdfd3345678c65d6a8b2da559a8ecc54c66b1/wassima-1.2.2.tar.gz", hash = "sha256:f264827618400ebeab16708c8acf7870f693b03bfb4d7e95253eb9b35074db5c", size = 16329 }
wheels = [
    { url = "https://files.pythonhosted.org/packages/cb/24/884bbcfc79216a9733e26c01854dfb32b6c8fd454dd4b59f56627cdbfb40/wassima-1.2.2-cp313-cp313t-manylinux_2_17_aarch64.manylinux2014_aarch64.whl", hash = "sha256:134e863b692c35afe8f5ccbe8082fa39963804e20439a4c7aa98510197034704", size = 246230 },
    { url = "https://files.pythonhosted.org/packages/12/45/3251c0e27f2ffb64d58208259ec130841d537b93c438a695a12e4416c137/wassima-1.2.2-cp313-cp313t-manylinux_2_17_armv7l.manylinux2014_armv7l.whl", hash = "sha256:57a0ab5aed596f129fd4ea7584336b11fbef25c07d1351e37a959901dea8728e", size = 253044 },
    { url = "https://files.pythonhosted.org/packages/1f/77/2df13c1c6e0ad4dd0691a8aa511d63d6f66e96ffc7465716c4d1cd847dbf/wassima-1.2.2-cp313-cp313t-manylinux_2_17_ppc64.manylinux2014_ppc64.whl", hash = "sha256:b22e356914e606ff398c002b9925df4454c5deca9dbe55b3ba4a5c9b2365cf0f", size = 302385 },
    { url = "https://files.pythonhosted.org/packages/c8/5b/7fc3555c2327b6cea4e5c7c8ddf486c37624f25999164d97463531fea204/wassima-1.2.2-cp313-cp313t-manylinux_2_17_ppc64le.manylinux2014_ppc64le.whl", hash = "sha256:597b0d8ba697f4319bc1f301ed31630ca783c9fe82d2a2434dd2f7f709c4e394", size = 302118 },
    { url = "https://files.pythonhosted.org/packages/47/37/ec5d78877e96fd8fde2ce29d5b42c837237bc8ade2cd7a0e03e646d92617/wassima-1.2.2-cp313-cp313t-manylinux_2_17_s390x.manylinux2014_s390x.whl", hash = "sha256:98bdfdf734144277132f34f770eeb6b0db2c4de87415f34b178adee766632f24", size = 282885 },
    { url = "https://files.pythonhosted.org/packages/3e/df/769cdf30f0b446e476750a678ec71bb8047f3168fa00f9a9ced2451c3fde/wassima-1.2.2-cp313-cp313t-manylinux_2_17_x86_64.manylinux2014_x86_64.whl", hash = "sha256:a634b9b79e059f45a56ff3ef6e7241662bc6f0e5a096ee6eed6770ea368e8278", size = 247361 },
    { url = "https://files.pythonhosted.org/packages/de/b6/badd8f9201c16bec2b4cbd07243aba4fd3dcf05b560cdd82a888de9ec4d0/wassima-1.2.2-cp313-cp313t-manylinux_2_5_i686.manylinux1_i686.whl", hash = "sha256:7db25328c40cd574e5a68ef6507c5af4d1fa2a44cb3c028ff9ca6b522f8faf32", size = 263890 },
    { url = "https://files.pythonhosted.org/packages/c0/1f/24795039451864eaa5b20733ba7e73b1ba2544eb9cfd90dc807685029ebf/wassima-1.2.2-cp313-cp313t-musllinux_1_1_aarch64.whl", hash = "sha256:12c855cc5b96a2ac32d405ab7de1563fc91be54108b4fb16b06d125d07ea892b", size = 424098 },
    { url = "https://files.pythonhosted.org/packages/03/10/a05d84e853b5c8fa6d926a6fd73594390951a994c985f90df3ff17e1a25e/wassima-1.2.2-cp313-cp313t-musllinux_1_1_armv7l.whl", hash = "sha256:52f473233ec4d57322c6295e85b3912dc1fc400d6308a04bd427b863934aa74e", size = 515834 },
    { url = "https://files.pythonhosted.org/packages/bd/30/2ad442751b2da63d3d56abf977dce66d5629eec1a4b2d602e686ca54f091/wassima-1.2.2-cp313-cp313t-musllinux_1_1_i686.whl", hash = "sha256:fa1f38d5583d283b40f998e2f13471bfa952e0c423ff95ec2ec329f3e1898107", size = 444053 },
    { url = "https://files.pythonhosted.org/packages/35/8b/5b643e4ce86a001b0803f8ee11f7a49218c064c0504f8ada95dd416781e4/wassima-1.2.2-cp313-cp313t-musllinux_1_1_x86_64.whl", hash = "sha256:98f38b1b01e6f270b9279d76261d6f222b72ef06b025cbd4911b962bb6de4c98", size = 418048 },
    { url = "https://files.pythonhosted.org/packages/22/b4/15da9ffaf2c1cb1c9b6e0f7d55fe95ef5dbd093f80eacc57a6c98b973c84/wassima-1.2.2-cp313-cp313t-win_amd64.whl", hash = "sha256:b8c0f50397c51086df941b48057c82f85d9da000bf4fe6f4bc64c4f649b26a5b", size = 125853 },
    { url = "https://files.pythonhosted.org/packages/5c/19/99aa95b9f99d1a2763225b5824ac3dfd4b512f3b631a1baa67ac755ac3e8/wassima-1.2.2-cp313-cp313t-win_arm64.whl", hash = "sha256:556cded582aef3089de889b5a6efcf6d87fabfec55d574fcc3a4ada21308d487", size = 120853 },
    { url = "https://files.pythonhosted.org/packages/5e/35/b5927ebb8595d6382576f3ea152065bc4f50994a1a0ca1f5434f4abc2aaa/wassima-1.2.2-cp37-abi3-macosx_10_12_x86_64.macosx_11_0_arm64.macosx_10_12_universal2.whl", hash = "sha256:18bc78b2230c6f1f9ddbeb6ca38439fea4cc8f60836af4f3538ed259e60e5eb8", size = 455843 },
    { url = "https://files.pythonhosted.org/packages/04/87/9da4a76bdbc4b961376d9e7af9673d3efa296be03ea7e0fbc18f1ef24d0f/wassima-1.2.2-cp37-abi3-manylinux_2_17_aarch64.manylinux2014_aarch64.whl", hash = "sha256:a470c908fd9baaecf41715ea3c30c57b530d598ae5e9de7e0bd532755e66bb1b", size = 246651 },
    { url = "https://files.pythonhosted.org/packages/a1/0c/da43d2dbb754b4ba896b67e1bef123e52c16675376930a8853f003728520/wassima-1.2.2-cp37-abi3-manylinux_2_17_armv7l.manylinux2014_armv7l.whl", hash = "sha256:c7429d038dc383966c692e752010cbb4d5dab0e515f231aa01cd746aed9db359", size = 254164 },
    { url = "https://files.pythonhosted.org/packages/e7/11/ae4bc4dc06ec8df870ed88cd2c62a7230494cff12b54b59a4bca5b80715e/wassima-1.2.2-cp37-abi3-manylinux_2_17_ppc64.manylinux2014_ppc64.whl", hash = "sha256:3e00fa8ff1aef7d8aad2e1b957add6cba8549a42e415400bd72ff1b61dc9da9d", size = 303545 },
    { url = "https://files.pythonhosted.org/packages/18/dc/a0fd94d5ea7b2c6f1dd41fb7b0bc26d773b93cfe25333e4e588afab897ee/wassima-1.2.2-cp37-abi3-manylinux_2_17_ppc64le.manylinux2014_ppc64le.whl", hash = "sha256:c139d5b103bb1f085d8918815d62ad946224a658ac1a7cc1b93dc44bd498ff9a", size = 303276 },
    { url = "https://files.pythonhosted.org/packages/73/a1/1f7c3843fdc04f68aba75105e8498dd69ad71a62e4b50c3a0e18d5609e28/wassima-1.2.2-cp37-abi3-manylinux_2_17_s390x.manylinux2014_s390x.whl", hash = "sha256:ee6ccb8197936a308a4034c90a42b30b37c46b7cbda66101d439d6983f59b368", size = 283787 },
    { url = "https://files.pythonhosted.org/packages/c8/24/dbefd01b7611271993f8440b464d47425ce42c7192bbdb5925211f24405a/wassima-1.2.2-cp37-abi3-manylinux_2_17_x86_64.manylinux2014_x86_64.whl", hash = "sha256:24bdb1a2b90c215e11ed7ce82ed7eada339c7dca8e0366916e4e3215b3b9d8d3", size = 247921 },
    { url = "https://files.pythonhosted.org/packages/66/ee/e75cd4bbabf4616a19e9a7ab3e1fccbb0e10caa960ee1e4f92ca66540671/wassima-1.2.2-cp37-abi3-manylinux_2_5_i686.manylinux1_i686.whl", hash = "sha256:6d23e9483756b81850b82e8b7ed20fd23de22b50d6a678f765c660d4206b7ce9", size = 265203 },
    { url = "https://files.pythonhosted.org/packages/a1/0c/625b2dffc749256ec8b01ad76c039d96d1a2872f0248a4f79d9d1914a878/wassima-1.2.2-cp37-abi3-musllinux_1_1_aarch64.whl", hash = "sha256:eea9c37b45e73cebb4670afd1779db138eeff0f84ffc0871d2fb90c04c8d3aa8", size = 424384 },
    { url = "https://files.pythonhosted.org/packages/53/24/2bf1d29c58eb3e0ca42e94b924e8501311081942b7164d4e0f71447af238/wassima-1.2.2-cp37-abi3-musllinux_1_1_armv7l.whl", hash = "sha256:6b7d696155ddd7ab5739ac221e8854115d0d8171bbf805074d9484083de386aa", size = 516895 },
    { url = "https://files.pythonhosted.org/packages/47/78/d63019e6516558af4e985df4a1388363cca6d04852d2c928a77613179530/wassima-1.2.2-cp37-abi3-musllinux_1_1_i686.whl", hash = "sha256:d855d0be1759c5efc404c04977ee48a8b6260aef6441e72c10973924dbde5a73", size = 445289 },
    { url = "https://files.pythonhosted.org/packages/b3/32/3f3a171eaf395564471ba3d1739ca3449df07af0c7088677f25a145a60d1/wassima-1.2.2-cp37-abi3-musllinux_1_1_x86_64.whl", hash = "sha256:58f1fddd660da8c8f30f4b8460129e2f217c226cd1b54b1cabb6465881fd788a", size = 418599 },
    { url = "https://files.pythonhosted.org/packages/60/d7/5f5a9f88474f6cfaafe7bb4a47f10f609527b1fa17c491b6870d7de41bda/wassima-1.2.2-cp37-abi3-win32.whl", hash = "sha256:dea0dcc0e50978ef73be8cb384694b71a6e64b46847ee7decad96dc85fbf650c", size = 121149 },
    { url = "https://files.pythonhosted.org/packages/34/5e/5465cbfc1b9af8b26fe8159c5de2cc4442f13cea02702cd72dae1d3e348c/wassima-1.2.2-cp37-abi3-win_amd64.whl", hash = "sha256:cb7d43c07d58ba13736e70dc3e064496efeb1ed4475a28afb26b7a3b030b89df", size = 126099 },
    { url = "https://files.pythonhosted.org/packages/eb/47/c2f18ae972a89c029e50c3b08caf8202268d6cbf0318e41aa7fb9e232b67/wassima-1.2.2-cp37-abi3-win_arm64.whl", hash = "sha256:ae2aec9d55e108ae2d22fd0bda24450a6c13c116f9698b9e7ba2c6492c4fe715", size = 121249 },
    { url = "https://files.pythonhosted.org/packages/08/dd/8df88ac3a1644bc6300eb3e5529a5808fff28d4e9a37fde9abcbd5ee7281/wassima-1.2.2-py3-none-any.whl", hash = "sha256:c0fee0a8593028bde17b57527b1ac21fea74f209b3522363e3ba0197ffaa6323", size = 7653 },
]
